<?xml version="1.0" encoding="utf-8"?>
<Project ToolsVersion="4.0" xmlns="http://schemas.microsoft.com/developer/msbuild/2003">
  <ItemGroup>
    <Filter Include="Source Files">
      <UniqueIdentifier>{4FC737F1-C7A5-4376-A066-2A32D752A2FF}</UniqueIdentifier>
      <Extensions>cpp;c;cc;cxx;c++;cppm;ixx;def;odl;idl;hpj;bat;asm;asmx</Extensions>
    </Filter>
    <Filter Include="Header Files">
      <UniqueIdentifier>{93995380-89BD-4b04-88EB-625FBE52EBFB}</UniqueIdentifier>
      <Extensions>h;hh;hpp;hxx;h++;hm;inl;inc;ipp;xsd</Extensions>
    </Filter>
    <Filter Include="Resource Files">
      <UniqueIdentifier>{67DA6AB6-F800-4c08-8B7A-83BB121AAD01}</UniqueIdentifier>
      <Extensions>rc;ico;cur;bmp;dlg;rc2;rct;bin;rgs;gif;jpg;jpeg;jpe;resx;tiff;tif;png;wav;mfcribbon-ms</Extensions>
    </Filter>
    <Filter Include="Header Files\GameMaker">
      <UniqueIdentifier>{5bce3828-0256-43a7-9090-39a33ca99c4e}</UniqueIdentifier>
    </Filter>
    <Filter Include="Source Files\GameMaker">
      <UniqueIdentifier>{01b20e00-f991-4ebe-a863-124ce03c8510}</UniqueIdentifier>
    </Filter>
  </ItemGroup>
  <ItemGroup>
    <ClCompile Include="dllmain.cpp">
      <Filter>Source Files</Filter>
    </ClCompile>
    <ClCompile Include="tas.cpp">
      <Filter>Source Files</Filter>
    </ClCompile>
    <ClCompile Include="imguihooks.cpp">
      <Filter>Source Files</Filter>
    </ClCompile>
    <ClCompile Include="dxvtables.cpp">
      <Filter>Source Files</Filter>
    </ClCompile>
    <ClCompile Include="file.cpp">
      <Filter>Source Files</Filter>
    </ClCompile>
    <ClCompile Include="input.cpp">
      <Filter>Source Files</Filter>
    </ClCompile>
    <ClCompile Include="GameMaker\inputgm.cpp">
      <Filter>Source Files\GameMaker</Filter>
    </ClCompile>
    <ClCompile Include="GameMaker\gmflowfuncs.cpp">
      <Filter>Source Files\GameMaker</Filter>
    </ClCompile>
    <ClCompile Include="GameMaker\gmlbuiltinfuncs.cpp">
      <Filter>Source Files\GameMaker</Filter>
    </ClCompile>
    <ClCompile Include="GameMaker\croom.cpp">
      <Filter>Source Files\GameMaker</Filter>
    </ClCompile>
  </ItemGroup>
  <ItemGroup>
    <MASM Include="callTrueFunctionPtr.asm">
      <Filter>Source Files</Filter>
    </MASM>
  </ItemGroup>
  <ItemGroup>
    <None Include="version.def">
      <Filter>Source Files</Filter>
    </None>
    <None Include="vcpkg.json">
      <Filter>Source Files</Filter>
    </None>
  </ItemGroup>
  <ItemGroup>
    <ClInclude Include="tas.h">
      <Filter>Header Files</Filter>
    </ClInclude>
    <ClInclude Include="imguihooks.h">
      <Filter>Header Files</Filter>
    </ClInclude>
    <ClInclude Include="dxvtables.h">
      <Filter>Header Files</Filter>
    </ClInclude>
    <ClInclude Include="hooking.h">
      <Filter>Header Files</Filter>
    </ClInclude>
    <ClInclude Include="file.h">
      <Filter>Header Files</Filter>
    </ClInclude>
    <ClInclude Include="GameMaker\carraystructure.h">
      <Filter>Header Files\GameMaker</Filter>
    </ClInclude>
    <ClInclude Include="GameMaker\ccode.h">
      <Filter>Header Files\GameMaker</Filter>
    </ClInclude>
    <ClInclude Include="GameMaker\cevent.h">
      <Filter>Header Files\GameMaker</Filter>
    </ClInclude>
    <ClInclude Include="GameMaker\chashmap.h">
      <Filter>Header Files\GameMaker</Filter>
    </ClInclude>
    <ClInclude Include="GameMaker\cinstance.fwd.h">
      <Filter>Header Files\GameMaker</Filter>
    </ClInclude>
    <ClInclude Include="GameMaker\cinstance.h">
      <Filter>Header Files\GameMaker</Filter>
    </ClInclude>
    <ClInclude Include="GameMaker\clayer.h">
      <Filter>Header Files\GameMaker</Filter>
    </ClInclude>
    <ClInclude Include="GameMaker\cobjectgm.h">
      <Filter>Header Files\GameMaker</Filter>
    </ClInclude>
    <ClInclude Include="GameMaker\cphysicsdatagm.h">
      <Filter>Header Files\GameMaker</Filter>
    </ClInclude>
    <ClInclude Include="GameMaker\cphysicsobject.h">
      <Filter>Header Files\GameMaker</Filter>
    </ClInclude>
    <ClInclude Include="GameMaker\croom.h">
      <Filter>Header Files\GameMaker</Filter>
    </ClInclude>
    <ClInclude Include="GameMaker\cscript.h">
      <Filter>Header Files\GameMaker</Filter>
    </ClInclude>
    <ClInclude Include="GameMaker\cskeletoninstance.h">
      <Filter>Header Files\GameMaker</Filter>
    </ClInclude>
    <ClInclude Include="GameMaker\linkedlist.h">
      <Filter>Header Files\GameMaker</Filter>
    </ClInclude>
    <ClInclude Include="GameMaker\rtoken.h">
      <Filter>Header Files\GameMaker</Filter>
    </ClInclude>
    <ClInclude Include="GameMaker\rvalue.fwd.h">
      <Filter>Header Files\GameMaker</Filter>
    </ClInclude>
    <ClInclude Include="GameMaker\rvalue.h">
      <Filter>Header Files\GameMaker</Filter>
    </ClInclude>
    <ClInclude Include="GameMaker\yyrect.h">
      <Filter>Header Files\GameMaker</Filter>
    </ClInclude>
    <ClInclude Include="GameMaker\inputgm.h">
      <Filter>Header Files\GameMaker</Filter>
    </ClInclude>
    <ClInclude Include="input.h">
      <Filter>Header Files</Filter>
    </ClInclude>
    <ClInclude Include="GameMaker\gmflowfuncs.h">
      <Filter>Header Files\GameMaker</Filter>
    </ClInclude>
    <ClInclude Include="GameMaker\gmbuiltinfuncs.h">
      <Filter>Header Files\GameMaker</Filter>
    </ClInclude>
  </ItemGroup>
</Project>